// !$*UTF8*$!
{
	archiveVersion = 1;
	classes = {
	};
	objectVersion = 50;
	objects = {

/* Begin PBXBuildFile section */
		1E51D0B83A5D01801592AB8F /* libPods-JYPickerView.a in Frameworks */ = {isa = PBXBuildFile; fileRef = FB3B111538A310D640D2CC28 /* libPods-JYPickerView.a */; };
		7B050B602199173F00AE0D35 /* JYLevelPickerView.m in Sources */ = {isa = PBXBuildFile; fileRef = 7B050B5A2199173F00AE0D35 /* JYLevelPickerView.m */; };
		7B050B612199173F00AE0D35 /* JYLevelPickerModel.m in Sources */ = {isa = PBXBuildFile; fileRef = 7B050B5D2199173F00AE0D35 /* JYLevelPickerModel.m */; };
		7B050B622199173F00AE0D35 /* JYLevelPickerTestModel.m in Sources */ = {isa = PBXBuildFile; fileRef = 7B050B5F2199173F00AE0D35 /* JYLevelPickerTestModel.m */; };
		7B050B862199634600AE0D35 /* JYLevelPickerToolBarView.m in Sources */ = {isa = PBXBuildFile; fileRef = 7B050B852199634600AE0D35 /* JYLevelPickerToolBarView.m */; };
		7B0C9402219590F0005D7200 /* AppDelegate.m in Sources */ = {isa = PBXBuildFile; fileRef = 7B0C9401219590F0005D7200 /* AppDelegate.m */; };
		7B0C9405219590F0005D7200 /* ViewController.m in Sources */ = {isa = PBXBuildFile; fileRef = 7B0C9404219590F0005D7200 /* ViewController.m */; };
		7B0C9408219590F0005D7200 /* Main.storyboard in Resources */ = {isa = PBXBuildFile; fileRef = 7B0C9406219590F0005D7200 /* Main.storyboard */; };
		7B0C940A219590F1005D7200 /* Assets.xcassets in Resources */ = {isa = PBXBuildFile; fileRef = 7B0C9409219590F1005D7200 /* Assets.xcassets */; };
		7B0C940D219590F1005D7200 /* LaunchScreen.storyboard in Resources */ = {isa = PBXBuildFile; fileRef = 7B0C940B219590F1005D7200 /* LaunchScreen.storyboard */; };
		7B0C9410219590F1005D7200 /* main.m in Sources */ = {isa = PBXBuildFile; fileRef = 7B0C940F219590F1005D7200 /* main.m */; };
		7B0C941E21959189005D7200 /* JYPickerToolBarView.m in Sources */ = {isa = PBXBuildFile; fileRef = 7B0C941921959189005D7200 /* JYPickerToolBarView.m */; };
		7B0C941F21959189005D7200 /* JYDatePickerView.m in Sources */ = {isa = PBXBuildFile; fileRef = 7B0C941A21959189005D7200 /* JYDatePickerView.m */; };
		7B0C942221959235005D7200 /* NSDate+JYPickerDate.m in Sources */ = {isa = PBXBuildFile; fileRef = 7B0C942121959235005D7200 /* NSDate+JYPickerDate.m */; };
/* End PBXBuildFile section */

/* Begin PBXFileReference section */
		3B2665CF0C225DEC6C3E6BE0 /* Pods-JYPickerView.debug.xcconfig */ = {isa = PBXFileReference; includeInIndex = 1; lastKnownFileType = text.xcconfig; name = "Pods-JYPickerView.debug.xcconfig"; path = "Pods/Target Support Files/Pods-JYPickerView/Pods-JYPickerView.debug.xcconfig"; sourceTree = "<group>"; };
		7B050B5A2199173F00AE0D35 /* JYLevelPickerView.m */ = {isa = PBXFileReference; fileEncoding = 4; lastKnownFileType = sourcecode.c.objc; path = JYLevelPickerView.m; sourceTree = "<group>"; };
		7B050B5B2199173F00AE0D35 /* JYLevelPickerView.h */ = {isa = PBXFileReference; fileEncoding = 4; lastKnownFileType = sourcecode.c.h; path = JYLevelPickerView.h; sourceTree = "<group>"; };
		7B050B5C2199173F00AE0D35 /* JYLevelPickerModel.h */ = {isa = PBXFileReference; fileEncoding = 4; lastKnownFileType = sourcecode.c.h; path = JYLevelPickerModel.h; sourceTree = "<group>"; };
		7B050B5D2199173F00AE0D35 /* JYLevelPickerModel.m */ = {isa = PBXFileReference; fileEncoding = 4; lastKnownFileType = sourcecode.c.objc; path = JYLevelPickerModel.m; sourceTree = "<group>"; };
		7B050B5E2199173F00AE0D35 /* JYLevelPickerTestModel.h */ = {isa = PBXFileReference; fileEncoding = 4; lastKnownFileType = sourcecode.c.h; path = JYLevelPickerTestModel.h; sourceTree = "<group>"; };
		7B050B5F2199173F00AE0D35 /* JYLevelPickerTestModel.m */ = {isa = PBXFileReference; fileEncoding = 4; lastKnownFileType = sourcecode.c.objc; path = JYLevelPickerTestModel.m; sourceTree = "<group>"; };
		7B050B842199634600AE0D35 /* JYLevelPickerToolBarView.h */ = {isa = PBXFileReference; fileEncoding = 4; lastKnownFileType = sourcecode.c.h; path = JYLevelPickerToolBarView.h; sourceTree = "<group>"; };
		7B050B852199634600AE0D35 /* JYLevelPickerToolBarView.m */ = {isa = PBXFileReference; fileEncoding = 4; lastKnownFileType = sourcecode.c.objc; path = JYLevelPickerToolBarView.m; sourceTree = "<group>"; };
		7B0C93FD219590F0005D7200 /* JYPickerView.app */ = {isa = PBXFileReference; explicitFileType = wrapper.application; includeInIndex = 0; path = JYPickerView.app; sourceTree = BUILT_PRODUCTS_DIR; };
		7B0C9400219590F0005D7200 /* AppDelegate.h */ = {isa = PBXFileReference; lastKnownFileType = sourcecode.c.h; path = AppDelegate.h; sourceTree = "<group>"; };
		7B0C9401219590F0005D7200 /* AppDelegate.m */ = {isa = PBXFileReference; lastKnownFileType = sourcecode.c.objc; path = AppDelegate.m; sourceTree = "<group>"; };
		7B0C9403219590F0005D7200 /* ViewController.h */ = {isa = PBXFileReference; lastKnownFileType = sourcecode.c.h; path = ViewController.h; sourceTree = "<group>"; };
		7B0C9404219590F0005D7200 /* ViewController.m */ = {isa = PBXFileReference; lastKnownFileType = sourcecode.c.objc; path = ViewController.m; sourceTree = "<group>"; };
		7B0C9407219590F0005D7200 /* Base */ = {isa = PBXFileReference; lastKnownFileType = file.storyboard; name = Base; path = Base.lproj/Main.storyboard; sourceTree = "<group>"; };
		7B0C9409219590F1005D7200 /* Assets.xcassets */ = {isa = PBXFileReference; lastKnownFileType = folder.assetcatalog; path = Assets.xcassets; sourceTree = "<group>"; };
		7B0C940C219590F1005D7200 /* Base */ = {isa = PBXFileReference; lastKnownFileType = file.storyboard; name = Base; path = Base.lproj/LaunchScreen.storyboard; sourceTree = "<group>"; };
		7B0C940E219590F1005D7200 /* Info.plist */ = {isa = PBXFileReference; lastKnownFileType = text.plist.xml; path = Info.plist; sourceTree = "<group>"; };
		7B0C940F219590F1005D7200 /* main.m */ = {isa = PBXFileReference; lastKnownFileType = sourcecode.c.objc; path = main.m; sourceTree = "<group>"; };
		7B0C941921959189005D7200 /* JYPickerToolBarView.m */ = {isa = PBXFileReference; fileEncoding = 4; lastKnownFileType = sourcecode.c.objc; path = JYPickerToolBarView.m; sourceTree = "<group>"; };
		7B0C941A21959189005D7200 /* JYDatePickerView.m */ = {isa = PBXFileReference; fileEncoding = 4; lastKnownFileType = sourcecode.c.objc; path = JYDatePickerView.m; sourceTree = "<group>"; };
		7B0C941B21959189005D7200 /* JYPickerToolBarView.h */ = {isa = PBXFileReference; fileEncoding = 4; lastKnownFileType = sourcecode.c.h; path = JYPickerToolBarView.h; sourceTree = "<group>"; };
		7B0C941C21959189005D7200 /* JYDatePickerView.h */ = {isa = PBXFileReference; fileEncoding = 4; lastKnownFileType = sourcecode.c.h; path = JYDatePickerView.h; sourceTree = "<group>"; };
		7B0C942021959235005D7200 /* NSDate+JYPickerDate.h */ = {isa = PBXFileReference; lastKnownFileType = sourcecode.c.h; path = "NSDate+JYPickerDate.h"; sourceTree = "<group>"; };
		7B0C942121959235005D7200 /* NSDate+JYPickerDate.m */ = {isa = PBXFileReference; lastKnownFileType = sourcecode.c.objc; path = "NSDate+JYPickerDate.m"; sourceTree = "<group>"; };
		8EA407F85C386697BF4CD121 /* Pods-JYPickerView.release.xcconfig */ = {isa = PBXFileReference; includeInIndex = 1; lastKnownFileType = text.xcconfig; name = "Pods-JYPickerView.release.xcconfig"; path = "Pods/Target Support Files/Pods-JYPickerView/Pods-JYPickerView.release.xcconfig"; sourceTree = "<group>"; };
		FB3B111538A310D640D2CC28 /* libPods-JYPickerView.a */ = {isa = PBXFileReference; explicitFileType = archive.ar; includeInIndex = 0; path = "libPods-JYPickerView.a"; sourceTree = BUILT_PRODUCTS_DIR; };
/* End PBXFileReference section */

/* Begin PBXFrameworksBuildPhase section */
		7B0C93FA219590F0005D7200 /* Frameworks */ = {
			isa = PBXFrameworksBuildPhase;
			buildActionMask = 2147483647;
			files = (
				1E51D0B83A5D01801592AB8F /* libPods-JYPickerView.a in Frameworks */,
			);
			runOnlyForDeploymentPostprocessing = 0;
		};
/* End PBXFrameworksBuildPhase section */

/* Begin PBXGroup section */
		0AD35F048026B152C6981A85 /* Pods */ = {
			isa = PBXGroup;
			children = (
				3B2665CF0C225DEC6C3E6BE0 /* Pods-JYPickerView.debug.xcconfig */,
				8EA407F85C386697BF4CD121 /* Pods-JYPickerView.release.xcconfig */,
			);
			name = Pods;
			sourceTree = "<group>";
		};
		7B050B592199172A00AE0D35 /* JYLevelPickerView */ = {
			isa = PBXGroup;
			children = (
				7B050B5C2199173F00AE0D35 /* JYLevelPickerModel.h */,
				7B050B5D2199173F00AE0D35 /* JYLevelPickerModel.m */,
				7B050B5E2199173F00AE0D35 /* JYLevelPickerTestModel.h */,
				7B050B5F2199173F00AE0D35 /* JYLevelPickerTestModel.m */,
				7B050B5B2199173F00AE0D35 /* JYLevelPickerView.h */,
				7B050B5A2199173F00AE0D35 /* JYLevelPickerView.m */,
				7B050B842199634600AE0D35 /* JYLevelPickerToolBarView.h */,
				7B050B852199634600AE0D35 /* JYLevelPickerToolBarView.m */,
			);
			path = JYLevelPickerView;
			sourceTree = "<group>";
		};
		7B0C93F4219590F0005D7200 = {
			isa = PBXGroup;
			children = (
				7B0C93FF219590F0005D7200 /* JYPickerView */,
				7B0C93FE219590F0005D7200 /* Products */,
				0AD35F048026B152C6981A85 /* Pods */,
				CC12BEB117B08106E9C05049 /* Frameworks */,
			);
			sourceTree = "<group>";
		};
		7B0C93FE219590F0005D7200 /* Products */ = {
			isa = PBXGroup;
			children = (
				7B0C93FD219590F0005D7200 /* JYPickerView.app */,
			);
			name = Products;
			sourceTree = "<group>";
		};
		7B0C93FF219590F0005D7200 /* JYPickerView */ = {
			isa = PBXGroup;
			children = (
				7B0C9400219590F0005D7200 /* AppDelegate.h */,
				7B0C9401219590F0005D7200 /* AppDelegate.m */,
				7B0C9403219590F0005D7200 /* ViewController.h */,
				7B0C9404219590F0005D7200 /* ViewController.m */,
				7B050B592199172A00AE0D35 /* JYLevelPickerView */,
				7B0C9416219590F9005D7200 /* JYDatePickerView */,
				7B0C9406219590F0005D7200 /* Main.storyboard */,
				7B0C9409219590F1005D7200 /* Assets.xcassets */,
				7B0C940B219590F1005D7200 /* LaunchScreen.storyboard */,
				7B0C940E219590F1005D7200 /* Info.plist */,
				7B0C940F219590F1005D7200 /* main.m */,
			);
			path = JYPickerView;
			sourceTree = "<group>";
		};
		7B0C9416219590F9005D7200 /* JYDatePickerView */ = {
			isa = PBXGroup;
			children = (
				7B0C941C21959189005D7200 /* JYDatePickerView.h */,
				7B0C941A21959189005D7200 /* JYDatePickerView.m */,
				7B0C941B21959189005D7200 /* JYPickerToolBarView.h */,
				7B0C941921959189005D7200 /* JYPickerToolBarView.m */,
				7B0C942021959235005D7200 /* NSDate+JYPickerDate.h */,
				7B0C942121959235005D7200 /* NSDate+JYPickerDate.m */,
			);
			path = JYDatePickerView;
			sourceTree = "<group>";
		};
		CC12BEB117B08106E9C05049 /* Frameworks */ = {
			isa = PBXGroup;
			children = (
				FB3B111538A310D640D2CC28 /* libPods-JYPickerView.a */,
			);
			name = Frameworks;
			sourceTree = "<group>";
		};
/* End PBXGroup section */

/* Begin PBXNativeTarget section */
		7B0C93FC219590F0005D7200 /* JYPickerView */ = {
			isa = PBXNativeTarget;
			buildConfigurationList = 7B0C9413219590F1005D7200 /* Build configuration list for PBXNativeTarget "JYPickerView" */;
			buildPhases = (
				7659EC7B24C15D1DF0C2C84D /* [CP] Check Pods Manifest.lock */,
				7B0C93F9219590F0005D7200 /* Sources */,
				7B0C93FA219590F0005D7200 /* Frameworks */,
				7B0C93FB219590F0005D7200 /* Resources */,
			);
			buildRules = (
			);
			dependencies = (
			);
			name = JYPickerView;
			productName = JYPickerView;
			productReference = 7B0C93FD219590F0005D7200 /* JYPickerView.app */;
			productType = "com.apple.product-type.application";
		};
/* End PBXNativeTarget section */

/* Begin PBXProject section */
		7B0C93F5219590F0005D7200 /* Project object */ = {
			isa = PBXProject;
			attributes = {
				LastUpgradeCheck = 1010;
				ORGANIZATIONNAME = xyanl;
				TargetAttributes = {
					7B0C93FC219590F0005D7200 = {
						CreatedOnToolsVersion = 10.1;
					};
				};
			};
			buildConfigurationList = 7B0C93F8219590F0005D7200 /* Build configuration list for PBXProject "JYPickerView" */;
			compatibilityVersion = "Xcode 9.3";
			developmentRegion = en;
			hasScannedForEncodings = 0;
			knownRegions = (
				en,
				Base,
			);
			mainGroup = 7B0C93F4219590F0005D7200;
			productRefGroup = 7B0C93FE219590F0005D7200 /* Products */;
			projectDirPath = "";
			projectRoot = "";
			targets = (
				7B0C93FC219590F0005D7200 /* JYPickerView */,
			);
		};
/* End PBXProject section */

/* Begin PBXResourcesBuildPhase section */
		7B0C93FB219590F0005D7200 /* Resources */ = {
			isa = PBXResourcesBuildPhase;
			buildActionMask = 2147483647;
			files = (
				7B0C940D219590F1005D7200 /* LaunchScreen.storyboard in Resources */,
				7B0C940A219590F1005D7200 /* Assets.xcassets in Resources */,
				7B0C9408219590F0005D7200 /* Main.storyboard in Resources */,
			);
			runOnlyForDeploymentPostprocessing = 0;
		};
/* End PBXResourcesBuildPhase section */

/* Begin PBXShellScriptBuildPhase section */
		7659EC7B24C15D1DF0C2C84D /* [CP] Check Pods Manifest.lock */ = {
			isa = PBXShellScriptBuildPhase;
			buildActionMask = 2147483647;
			files = (
			);
			inputPaths = (
				"${PODS_PODFILE_DIR_PATH}/Podfile.lock",
				"${PODS_ROOT}/Manifest.lock",
			);
			name = "[CP] Check Pods Manifest.lock";
			outputPaths = (
				"$(DERIVED_FILE_DIR)/Pods-JYPickerView-checkManifestLockResult.txt",
			);
			runOnlyForDeploymentPostprocessing = 0;
			shellPath = /bin/sh;
			shellScript = "diff \"${PODS_PODFILE_DIR_PATH}/Podfile.lock\" \"${PODS_ROOT}/Manifest.lock\" > /dev/null\nif [ $? != 0 ] ; then\n    # print error to STDERR\n    echo \"error: The sandbox is not in sync with the Podfile.lock. Run 'pod install' or update your CocoaPods installation.\" >&2\n    exit 1\nfi\n# This output is used by Xcode 'outputs' to avoid re-running this script phase.\necho \"SUCCESS\" > \"${SCRIPT_OUTPUT_FILE_0}\"\n";
			showEnvVarsInLog = 0;
		};
/* End PBXShellScriptBuildPhase section */

/* Begin PBXSourcesBuildPhase section */
		7B0C93F9219590F0005D7200 /* Sources */ = {
			isa = PBXSourcesBuildPhase;
			buildActionMask = 2147483647;
			files = (
				7B0C9405219590F0005D7200 /* ViewController.m in Sources */,
				7B050B612199173F00AE0D35 /* JYLevelPickerModel.m in Sources */,
				7B0C941F21959189005D7200 /* JYDatePickerView.m in Sources */,
				7B0C941E21959189005D7200 /* JYPickerToolBarView.m in Sources */,
				7B0C9410219590F1005D7200 /* main.m in Sources */,
				7B050B602199173F00AE0D35 /* JYLevelPickerView.m in Sources */,
				7B050B622199173F00AE0D35 /* JYLevelPickerTestModel.m in Sources */,
				7B0C9402219590F0005D7200 /* AppDelegate.m in Sources */,
				7B050B862199634600AE0D35 /* JYLevelPickerToolBarView.m in Sources */,
				7B0C942221959235005D7200 /* NSDate+JYPickerDate.m in Sources */,
			);
			runOnlyForDeploymentPostprocessing = 0;
		};
/* End PBXSourcesBuildPhase section */

/* Begin PBXVariantGroup section */
		7B0C9406219590F0005D7200 /* Main.storyboard */ = {
			isa = PBXVariantGroup;
			children = (
				7B0C9407219590F0005D7200 /* Base */,
			);
			name = Main.storyboard;
			sourceTree = "<group>";
		};
		7B0C940B219590F1005D7200 /* LaunchScreen.storyboard */ = {
			isa = PBXVariantGroup;
			children = (
				7B0C940C219590F1005D7200 /* Base */,
			);
			name = LaunchScreen.storyboard;
			sourceTree = "<group>";
		};
/* End PBXVariantGroup section */

/* Begin XCBuildConfiguration section */
		7B0C9411219590F1005D7200 /* Debug */ = {
			isa = XCBuildConfiguration;
			buildSettings = {
				ALWAYS_SEARCH_USER_PATHS = NO;
				CLANG_ANALYZER_NONNULL = YES;
				CLANG_ANALYZER_NUMBER_OBJECT_CONVERSION = YES_AGGRESSIVE;
				CLANG_CXX_LANGUAGE_STANDARD = "gnu++14";
				CLANG_CXX_LIBRARY = "libc++";
				CLANG_ENABLE_MODULES = YES;
				CLANG_ENABLE_OBJC_ARC = YES;
				CLANG_ENABLE_OBJC_WEAK = YES;
				CLANG_WARN_BLOCK_CAPTURE_AUTORELEASING = YES;
				CLANG_WARN_BOOL_CONVERSION = YES;
				CLANG_WARN_COMMA = YES;
				CLANG_WARN_CONSTANT_CONVERSION = YES;
				CLANG_WARN_DEPRECATED_OBJC_IMPLEMENTATIONS = YES;
				CLANG_WARN_DIRECT_OBJC_ISA_USAGE = YES_ERROR;
				CLANG_WARN_DOCUMENTATION_COMMENTS = YES;
				CLANG_WARN_EMPTY_BODY = YES;
				CLANG_WARN_ENUM_CONVERSION = YES;
				CLANG_WARN_INFINITE_RECURSION = YES;
				CLANG_WARN_INT_CONVERSION = YES;
				CLANG_WARN_NON_LITERAL_NULL_CONVERSION = YES;
				CLANG_WARN_OBJC_IMPLICIT_RETAIN_SELF = YES;
				CLANG_WARN_OBJC_LITERAL_CONVERSION = YES;
				CLANG_WARN_OBJC_ROOT_CLASS = YES_ERROR;
				CLANG_WARN_RANGE_LOOP_ANALYSIS = YES;
				CLANG_WARN_STRICT_PROTOTYPES = YES;
				CLANG_WARN_SUSPICIOUS_MOVE = YES;
				CLANG_WARN_UNGUARDED_AVAILABILITY = YES_AGGRESSIVE;
				CLANG_WARN_UNREACHABLE_CODE = YES;
				CLANG_WARN__DUPLICATE_METHOD_MATCH = YES;
				CODE_SIGN_IDENTITY = "iPhone Developer";
				COPY_PHASE_STRIP = NO;
				DEBUG_INFORMATION_FORMAT = dwarf;
				ENABLE_STRICT_OBJC_MSGSEND = YES;
				ENABLE_TESTABILITY = YES;
				GCC_C_LANGUAGE_STANDARD = gnu11;
				GCC_DYNAMIC_NO_PIC = NO;
				GCC_NO_COMMON_BLOCKS = YES;
				GCC_OPTIMIZATION_LEVEL = 0;
				GCC_PREPROCESSOR_DEFINITIONS = (
					"DEBUG=1",
					"$(inherited)",
				);
				GCC_WARN_64_TO_32_BIT_CONVERSION = YES;
				GCC_WARN_ABOUT_RETURN_TYPE = YES_ERROR;
				GCC_WARN_UNDECLARED_SELECTOR = YES;
				GCC_WARN_UNINITIALIZED_AUTOS = YES_AGGRESSIVE;
				GCC_WARN_UNUSED_FUNCTION = YES;
				GCC_WARN_UNUSED_VARIABLE = YES;
				IPHONEOS_DEPLOYMENT_TARGET = 12.1;
				MTL_ENABLE_DEBUG_INFO = INCLUDE_SOURCE;
				MTL_FAST_MATH = YES;
				ONLY_ACTIVE_ARCH = YES;
				SDKROOT = iphoneos;
			};
			name = Debug;
		};
		7B0C9412219590F1005D7200 /* Release */ = {
			isa = XCBuildConfiguration;
			buildSettings = {
				ALWAYS_SEARCH_USER_PATHS = NO;
				CLANG_ANALYZER_NONNULL = YES;
				CLANG_ANALYZER_NUMBER_OBJECT_CONVERSION = YES_AGGRESSIVE;
				CLANG_CXX_LANGUAGE_STANDARD = "gnu++14";
				CLANG_CXX_LIBRARY = "libc++";
				CLANG_ENABLE_MODULES = YES;
				CLANG_ENABLE_OBJC_ARC = YES;
				CLANG_ENABLE_OBJC_WEAK = YES;
				CLANG_WARN_BLOCK_CAPTURE_AUTORELEASING = YES;
				CLANG_WARN_BOOL_CONVERSION = YES;
				CLANG_WARN_COMMA = YES;
				CLANG_WARN_CONSTANT_CONVERSION = YES;
				CLANG_WARN_DEPRECATED_OBJC_IMPLEMENTATIONS = YES;
				CLANG_WARN_DIRECT_OBJC_ISA_USAGE = YES_ERROR;
				CLANG_WARN_DOCUMENTATION_COMMENTS = YES;
				CLANG_WARN_EMPTY_BODY = YES;
				CLANG_WARN_ENUM_CONVERSION = YES;
				CLANG_WARN_INFINITE_RECURSION = YES;
				CLANG_WARN_INT_CONVERSION = YES;
				CLANG_WARN_NON_LITERAL_NULL_CONVERSION = YES;
				CLANG_WARN_OBJC_IMPLICIT_RETAIN_SELF = YES;
				CLANG_WARN_OBJC_LITERAL_CONVERSION = YES;
				CLANG_WARN_OBJC_ROOT_CLASS = YES_ERROR;
				CLANG_WARN_RANGE_LOOP_ANALYSIS = YES;
				CLANG_WARN_STRICT_PROTOTYPES = YES;
				CLANG_WARN_SUSPICIOUS_MOVE = YES;
				CLANG_WARN_UNGUARDED_AVAILABILITY = YES_AGGRESSIVE;
				CLANG_WARN_UNREACHABLE_CODE = YES;
				CLANG_WARN__DUPLICATE_METHOD_MATCH = YES;
				CODE_SIGN_IDENTITY = "iPhone Developer";
				COPY_PHASE_STRIP = NO;
				DEBUG_INFORMATION_FORMAT = "dwarf-with-dsym";
				ENABLE_NS_ASSERTIONS = NO;
				ENABLE_STRICT_OBJC_MSGSEND = YES;
				GCC_C_LANGUAGE_STANDARD = gnu11;
				GCC_NO_COMMON_BLOCKS = YES;
				GCC_WARN_64_TO_32_BIT_CONVERSION = YES;
				GCC_WARN_ABOUT_RETURN_TYPE = YES_ERROR;
				GCC_WARN_UNDECLARED_SELECTOR = YES;
				GCC_WARN_UNINITIALIZED_AUTOS = YES_AGGRESSIVE;
				GCC_WARN_UNUSED_FUNCTION = YES;
				GCC_WARN_UNUSED_VARIABLE = YES;
				IPHONEOS_DEPLOYMENT_TARGET = 12.1;
				MTL_ENABLE_DEBUG_INFO = NO;
				MTL_FAST_MATH = YES;
				SDKROOT = iphoneos;
				VALIDATE_PRODUCT = YES;
			};
			name = Release;
		};
		7B0C9414219590F1005D7200 /* Debug */ = {
			isa = XCBuildConfiguration;
			baseConfigurationReference = 3B2665CF0C225DEC6C3E6BE0 /* Pods-JYPickerView.debug.xcconfig */;
			buildSettings = {
				ASSETCATALOG_COMPILER_APPICON_NAME = AppIcon;
				CODE_SIGN_STYLE = Automatic;
				DEVELOPMENT_TEAM = 6B3ZC93AA8;
				INFOPLIST_FILE = JYPickerView/Info.plist;
				IPHONEOS_DEPLOYMENT_TARGET = 11.0;
				LD_RUNPATH_SEARCH_PATHS = (
					"$(inherited)",
					"@executable_path/Frameworks",
				);
				PRODUCT_BUNDLE_IDENTIFIER = com.jy.xyanl;
				PRODUCT_NAME = "$(TARGET_NAME)";
				TARGETED_DEVICE_FAMILY = "1,2";
			};
			name = Debug;
		};
		7B0C9415219590F1005D7200 /* Release */ = {
			isa = XCBuildConfiguration;
			baseConfigurationReference = 8EA407F85C386697BF4CD121 /* Pods-JYPickerView.release.xcconfig */;
			buildSettings = {
				ASSETCATALOG_COMPILER_APPICON_NAME = AppIcon;
				CODE_SIGN_STYLE = Automatic;
				DEVELOPMENT_TEAM = 6B3ZC93AA8;
				INFOPLIST_FILE = JYPickerView/Info.plist;
				IPHONEOS_DEPLOYMENT_TARGET = 11.0;
				LD_RUNPATH_SEARCH_PATHS = (
					"$(inherited)",
					"@executable_path/Frameworks",
				);
				PRODUCT_BUNDLE_IDENTIFIER = com.jy.xyanl;
				PRODUCT_NAME = "$(TARGET_NAME)";
				TARGETED_DEVICE_FAMILY = "1,2";
			};
			name = Release;
		};
/* End XCBuildConfiguration section */

/* Begin XCConfigurationList section */
		7B0C93F8219590F0005D7200 /* Build configuration list for PBXProject "JYPickerView" */ = {
			isa = XCConfigurationList;
			buildConfigurations = (
				7B0C9411219590F1005D7200 /* Debug */,
				7B0C9412219590F1005D7200 /* Release */,
			);
			defaultConfigurationIsVisible = 0;
			defaultConfigurationName = Release;
		};
		7B0C9413219590F1005D7200 /* Build configuration list for PBXNativeTarget "JYPickerView" */ = {
			isa = XCConfigurationList;
			buildConfigurations = (
				7B0C9414219590F1005D7200 /* Debug */,
				7B0C9415219590F1005D7200 /* Release */,
			);
			defaultConfigurationIsVisible = 0;
			defaultConfigurationName = Release;
		};
/* End XCConfigurationList section */
	};
	rootObject = 7B0C93F5219590F0005D7200 /* Project object */;
}
